
Microsoft Visual Studio Solution File, Format Version 12.00
# Visual Studio Version 17
VisualStudioVersion = 17.8.34330.188
MinimumVisualStudioVersion = 10.0.40219.1
Project("{9A19103F-16F7-4668-BE54-9A1E7A4F7556}") = "ShopApp(API)", "ShopApp(API)\ShopApp(API).csproj", "{6A7F559A-D473-4320-A20F-9E5769043848}"
EndProject
Project("{FAE04EC0-301F-11D3-BF4B-00C04F79EFBC}") = "ShopApp.MVC", "ShopApp.MVC\ShopApp.MVC.csproj", "{75E50936-E7A1-4BBE-8B4C-2192F583CF65}"
EndProject
Global
	GlobalSection(SolutionConfigurationPlatforms) = preSolution
		Debug|Any CPU = Debug|Any CPU
		Release|Any CPU = Release|Any CPU
	EndGlobalSection
	GlobalSection(ProjectConfigurationPlatforms) = postSolution
		{6A7F559A-D473-4320-A20F-9E5769043848}.Debug|Any CPU.ActiveCfg = Debug|Any CPU
		{6A7F559A-D473-4320-A20F-9E5769043848}.Debug|Any CPU.Build.0 = Debug|Any CPU
		{6A7F559A-D473-4320-A20F-9E5769043848}.Release|Any CPU.ActiveCfg = Release|Any CPU
		{6A7F559A-D473-4320-A20F-9E5769043848}.Release|Any CPU.Build.0 = Release|Any CPU
		{75E50936-E7A1-4BBE-8B4C-2192F583CF65}.Debug|Any CPU.ActiveCfg = Debug|Any CPU
		{75E50936-E7A1-4BBE-8B4C-2192F583CF65}.Debug|Any CPU.Build.0 = Debug|Any CPU
		{75E50936-E7A1-4BBE-8B4C-2192F583CF65}.Release|Any CPU.ActiveCfg = Release|Any CPU
		{75E50936-E7A1-4BBE-8B4C-2192F583CF65}.Release|Any CPU.Build.0 = Release|Any CPU
	EndGlobalSection
	GlobalSection(SolutionProperties) = preSolution
		HideSolutionNode = FALSE
	EndGlobalSection
	GlobalSection(ExtensibilityGlobals) = postSolution
		SolutionGuid = {335EB6AA-55ED-44A6-B7F4-C79C78005D6A}
	EndGlobalSection
EndGlobal
